<?xml version="1.0" encoding="utf-8"?>
<Project ToolsVersion="4.0" xmlns="http://schemas.microsoft.com/developer/msbuild/2003">
  <ItemGroup>
    <Filter Include="Source Files">
      <UniqueIdentifier>{4FC737F1-C7A5-4376-A066-2A32D752A2FF}</UniqueIdentifier>
      <Extensions>cpp;cxx;c;def</Extensions>
    </Filter>
    <Filter Include="Header Files">
      <UniqueIdentifier>{93995380-89BD-4b04-88EB-625FBE52EBFB}</UniqueIdentifier>
      <Extensions>h</Extensions>
    </Filter>
    <Filter Include="Form Files">
      <UniqueIdentifier>{99349809-55BA-4b9d-BF79-8FDBB0286EB3}</UniqueIdentifier>
      <Extensions>ui</Extensions>
    </Filter>
    <Filter Include="Resource Files">
      <UniqueIdentifier>{D9D6E242-F8AF-46E4-B9FD-80ECBC20BA3E}</UniqueIdentifier>
      <Extensions>qrc;*</Extensions>
      <ParseFiles>false</ParseFiles>
    </Filter>
    <Filter Include="Generated Files">
      <UniqueIdentifier>{71ED8ED8-ACB9-4CE9-BBE1-E00B30144E11}</UniqueIdentifier>
      <Extensions>moc;h;cpp</Extensions>
      <SourceControlFiles>False</SourceControlFiles>
    </Filter>
    <Filter Include="Generated Files\Debug">
      <UniqueIdentifier>{6927b402-cdbc-40c1-8518-c01401e7ef96}</UniqueIdentifier>
      <Extensions>cpp;moc</Extensions>
      <SourceControlFiles>False</SourceControlFiles>
    </Filter>
    <Filter Include="Generated Files\Release">
      <UniqueIdentifier>{50f42eaf-aacb-4153-aff4-6eaada5d6eef}</UniqueIdentifier>
      <Extensions>cpp;moc</Extensions>
      <SourceControlFiles>False</SourceControlFiles>
    </Filter>
    <Filter Include="protobuffer">
      <UniqueIdentifier>{9e2b29a2-0a49-4721-8063-796115acf805}</UniqueIdentifier>
    </Filter>
    <Filter Include="Header Files\protoc">
      <UniqueIdentifier>{27dc1dc6-ad2f-4903-a6f8-6bbaa6337e0e}</UniqueIdentifier>
    </Filter>
    <Filter Include="Source Files\protoc">
      <UniqueIdentifier>{f2fc6a35-e24b-4605-94ad-5712acc5617a}</UniqueIdentifier>
    </Filter>
    <Filter Include="Source Files\protoc\pb_bean">
      <UniqueIdentifier>{e3406e25-1d4f-419d-9e67-842eca92367f}</UniqueIdentifier>
    </Filter>
    <Filter Include="Header Files\ui">
      <UniqueIdentifier>{239f73a1-18f9-4c43-af52-e1dcf6333c33}</UniqueIdentifier>
    </Filter>
    <Filter Include="Source Files\ui">
      <UniqueIdentifier>{3035c4f1-abeb-4534-944d-ef76dfbd6cc9}</UniqueIdentifier>
    </Filter>
  </ItemGroup>
  <ItemGroup>
    <ClCompile Include="main.cpp">
      <Filter>Source Files</Filter>
    </ClCompile>
    <ClCompile Include="datacollect.cpp">
      <Filter>Source Files</Filter>
    </ClCompile>
    <ClCompile Include="GeneratedFiles\Debug\moc_datacollect.cpp">
      <Filter>Generated Files\Debug</Filter>
    </ClCompile>
    <ClCompile Include="GeneratedFiles\Release\moc_datacollect.cpp">
      <Filter>Generated Files\Release</Filter>
    </ClCompile>
    <ClCompile Include="GeneratedFiles\qrc_datacollect.cpp">
      <Filter>Generated Files</Filter>
    </ClCompile>
    <ClCompile Include="ContractConfig.pb.cc">
      <Filter>Source Files\protoc\pb_bean</Filter>
    </ClCompile>
    <ClCompile Include="GeneratedFiles\Debug\moc_ui_config.cpp">
      <Filter>Generated Files\Debug</Filter>
    </ClCompile>
    <ClCompile Include="GeneratedFiles\Release\moc_ui_config.cpp">
      <Filter>Generated Files\Release</Filter>
    </ClCompile>
    <ClCompile Include="ui_config.cpp">
      <Filter>Source Files\ui</Filter>
    </ClCompile>
  </ItemGroup>
  <ItemGroup>
    <CustomBuild Include="datacollect.h">
      <Filter>Header Files</Filter>
    </CustomBuild>
    <CustomBuild Include="datacollect.ui">
      <Filter>Form Files</Filter>
    </CustomBuild>
    <CustomBuild Include="datacollect.qrc">
      <Filter>Resource Files</Filter>
    </CustomBuild>
    <CustomBuild Include="ui_config.h">
      <Filter>Header Files\ui</Filter>
    </CustomBuild>
  </ItemGroup>
  <ItemGroup>
    <ClInclude Include="GeneratedFiles\ui_datacollect.h">
      <Filter>Generated Files</Filter>
    </ClInclude>
    <ClInclude Include="resource.h">
      <Filter>Header Files</Filter>
    </ClInclude>
    <ClInclude Include="ContractConfig.pb.h">
      <Filter>Header Files\protoc</Filter>
    </ClInclude>
  </ItemGroup>
  <ItemGroup>
    <ResourceCompile Include="DataCollect.rc" />
  </ItemGroup>
  <ItemGroup>
    <None Include="ContractConfig.proto">
      <Filter>protobuffer</Filter>
    </None>
  </ItemGroup>
</Project>